
Microsoft Visual Studio Solution File, Format Version 12.00
# Visual Studio Version 17
VisualStudioVersion = 17.6.33829.357
MinimumVisualStudioVersion = 10.0.40219.1
Project("{FAE04EC0-301F-11D3-BF4B-00C04F79EFBC}") = "AddSubtract", "AddSubtract\AddSubtract.csproj", "{901F6411-AA83-47F0-960A-F410E89CDA69}"
EndProject
Global
	GlobalSection(SolutionConfigurationPlatforms) = preSolution
		Debug|Any CPU = Debug|Any CPU
		Release|Any CPU = Release|Any CPU
	EndGlobalSection
	GlobalSection(ProjectConfigurationPlatforms) = postSolution
		{901F6411-AA83-47F0-960A-F410E89CDA69}.Debug|Any CPU.ActiveCfg = Debug|Any CPU
		{901F6411-AA83-47F0-960A-F410E89CDA69}.Debug|Any CPU.Build.0 = Debug|Any CPU
		{901F6411-AA83-47F0-960A-F410E89CDA69}.Release|Any CPU.ActiveCfg = Release|Any CPU
		{901F6411-AA83-47F0-960A-F410E89CDA69}.Release|Any CPU.Build.0 = Release|Any CPU
	EndGlobalSection
	GlobalSection(SolutionProperties) = preSolution
		HideSolutionNode = FALSE
	EndGlobalSection
	GlobalSection(ExtensibilityGlobals) = postSolution
		SolutionGuid = {064E9C85-6E78-4D1F-B087-D285674B0395}
	EndGlobalSection
EndGlobal
